// !$*UTF8*$!
{
	archiveVersion = 1;
	classes = {
	};
	objectVersion = 55;
	objects = {

/* Begin PBXBuildFile section */
		6724437603C19F1434E2F6AC /* Pods_JobCityFlix.framework in Frameworks */ = {isa = PBXBuildFile; fileRef = 925F6920E9DE9A3E7E3F41FC /* Pods_JobCityFlix.framework */; };
		C70D4E1528C2319900991B3C /* TextFieldWithPadding.swift in Sources */ = {isa = PBXBuildFile; fileRef = C70D4E1428C2319900991B3C /* TextFieldWithPadding.swift */; };
		C70D4E1B28C2667C00991B3C /* UserAutheticationConfigurator.swift in Sources */ = {isa = PBXBuildFile; fileRef = C70D4E1A28C2667C00991B3C /* UserAutheticationConfigurator.swift */; };
		C70D4E1D28C2669000991B3C /* UserAuthenticationPresenter.swift in Sources */ = {isa = PBXBuildFile; fileRef = C70D4E1C28C2669000991B3C /* UserAuthenticationPresenter.swift */; };
		C70D4E1F28C266B300991B3C /* LocalAuthentication.swift in Sources */ = {isa = PBXBuildFile; fileRef = C70D4E1E28C266B300991B3C /* LocalAuthentication.swift */; };
		C70D4E2128C266D800991B3C /* UserAuthenticationInteractor.swift in Sources */ = {isa = PBXBuildFile; fileRef = C70D4E2028C266D800991B3C /* UserAuthenticationInteractor.swift */; };
		C70D4E2328C391BB00991B3C /* UserAuthenticationRegisterView.swift in Sources */ = {isa = PBXBuildFile; fileRef = C70D4E2228C391BB00991B3C /* UserAuthenticationRegisterView.swift */; };
		C70D4E2528C391EF00991B3C /* UserAuthenticationLoginView.swift in Sources */ = {isa = PBXBuildFile; fileRef = C70D4E2428C391EF00991B3C /* UserAuthenticationLoginView.swift */; };
		C70D4E2728C3938C00991B3C /* UserAuthenticationView.swift in Sources */ = {isa = PBXBuildFile; fileRef = C70D4E2628C3938C00991B3C /* UserAuthenticationView.swift */; };
		C70D4E3A28C3F8FF00991B3C /* SearchFilterCell.swift in Sources */ = {isa = PBXBuildFile; fileRef = C70D4E3928C3F8FF00991B3C /* SearchFilterCell.swift */; };
		C70D4E3C28C405B900991B3C /* SeasonButtonCell.swift in Sources */ = {isa = PBXBuildFile; fileRef = C70D4E3B28C405B900991B3C /* SeasonButtonCell.swift */; };
		C70D4E3E28C41A5300991B3C /* SearchCodable.swift in Sources */ = {isa = PBXBuildFile; fileRef = C70D4E3D28C41A5300991B3C /* SearchCodable.swift */; };
		C70D4E4028C41A7700991B3C /* TVShowCodable.swift in Sources */ = {isa = PBXBuildFile; fileRef = C70D4E3F28C41A7700991B3C /* TVShowCodable.swift */; };
		C70D4E4228C41AB000991B3C /* Episode.swift in Sources */ = {isa = PBXBuildFile; fileRef = C70D4E4128C41AB000991B3C /* Episode.swift */; };
		C70D4E4428C41B3E00991B3C /* Person.swift in Sources */ = {isa = PBXBuildFile; fileRef = C70D4E4328C41B3E00991B3C /* Person.swift */; };
		C70D4E4628C4215800991B3C /* SearchPersonCell.swift in Sources */ = {isa = PBXBuildFile; fileRef = C70D4E4528C4215800991B3C /* SearchPersonCell.swift */; };
		C70D4E5728C4994B00991B3C /* PersonDetailPresenter.swift in Sources */ = {isa = PBXBuildFile; fileRef = C70D4E4C28C4994B00991B3C /* PersonDetailPresenter.swift */; };
		C70D4E5828C4994B00991B3C /* PersonDetailViewController.swift in Sources */ = {isa = PBXBuildFile; fileRef = C70D4E4E28C4994B00991B3C /* PersonDetailViewController.swift */; };
		C70D4E5928C4994B00991B3C /* PersonDetailView.swift in Sources */ = {isa = PBXBuildFile; fileRef = C70D4E4F28C4994B00991B3C /* PersonDetailView.swift */; };
		C70D4E5B28C4994B00991B3C /* ServiceAPI+Person.swift in Sources */ = {isa = PBXBuildFile; fileRef = C70D4E5228C4994B00991B3C /* ServiceAPI+Person.swift */; };
		C70D4E5C28C4994B00991B3C /* PersonConfigurator.swift in Sources */ = {isa = PBXBuildFile; fileRef = C70D4E5428C4994B00991B3C /* PersonConfigurator.swift */; };
		C70D4E5D28C4994B00991B3C /* PersonInteractor.swift in Sources */ = {isa = PBXBuildFile; fileRef = C70D4E5628C4994B00991B3C /* PersonInteractor.swift */; };
		C70D4E5F28C49EDA00991B3C /* PersonDetailCell.swift in Sources */ = {isa = PBXBuildFile; fileRef = C70D4E5E28C49EDA00991B3C /* PersonDetailCell.swift */; };
		C70D4E6228C4C1AD00991B3C /* MyFavoriteListViewController.swift in Sources */ = {isa = PBXBuildFile; fileRef = C70D4E6128C4C1AD00991B3C /* MyFavoriteListViewController.swift */; };
		C70D4E6528C4C1E100991B3C /* CoredataModel.xcdatamodeld in Sources */ = {isa = PBXBuildFile; fileRef = C70D4E6328C4C1E100991B3C /* CoredataModel.xcdatamodeld */; };
		C70D4E6728C4C51100991B3C /* FavoriteEntity+CoreDataProperties.swift in Sources */ = {isa = PBXBuildFile; fileRef = C70D4E6628C4C51100991B3C /* FavoriteEntity+CoreDataProperties.swift */; };
		C70D4E6928C4C51400991B3C /* FavoriteEntity+CoreDataClass.swift in Sources */ = {isa = PBXBuildFile; fileRef = C70D4E6828C4C51400991B3C /* FavoriteEntity+CoreDataClass.swift */; };
		C70D4E6B28C4C54D00991B3C /* FavoriteManager.swift in Sources */ = {isa = PBXBuildFile; fileRef = C70D4E6A28C4C54D00991B3C /* FavoriteManager.swift */; };
		C74B384228BAC068000E728D /* AppDelegate.swift in Sources */ = {isa = PBXBuildFile; fileRef = C74B384128BAC068000E728D /* AppDelegate.swift */; };
		C74B384628BAC068000E728D /* TVShowListViewController.swift in Sources */ = {isa = PBXBuildFile; fileRef = C74B384528BAC068000E728D /* TVShowListViewController.swift */; };
		C74B384B28BAC069000E728D /* Assets.xcassets in Resources */ = {isa = PBXBuildFile; fileRef = C74B384A28BAC069000E728D /* Assets.xcassets */; };
		C74B384E28BAC069000E728D /* LaunchScreen.storyboard in Resources */ = {isa = PBXBuildFile; fileRef = C74B384C28BAC069000E728D /* LaunchScreen.storyboard */; };
		C74B385928BBACA7000E728D /* ServiceAPI.swift in Sources */ = {isa = PBXBuildFile; fileRef = C74B385828BBACA7000E728D /* ServiceAPI.swift */; };
		C74B385E28BBAD13000E728D /* EndPoints.swift in Sources */ = {isa = PBXBuildFile; fileRef = C74B385D28BBAD13000E728D /* EndPoints.swift */; };
		C74B386028BBB32E000E728D /* HTTPClient.swift in Sources */ = {isa = PBXBuildFile; fileRef = C74B385F28BBB32E000E728D /* HTTPClient.swift */; };
		C74B386328BBB72C000E728D /* ServiceAPI+TVShow.swift in Sources */ = {isa = PBXBuildFile; fileRef = C74B386228BBB72C000E728D /* ServiceAPI+TVShow.swift */; };
		C74B386628BBB8A6000E728D /* SceneDelegate.swift in Sources */ = {isa = PBXBuildFile; fileRef = C74B386528BBB8A6000E728D /* SceneDelegate.swift */; };
		C74B386C28BBCB4E000E728D /* TVShowInteractor.swift in Sources */ = {isa = PBXBuildFile; fileRef = C74B386B28BBCB4E000E728D /* TVShowInteractor.swift */; };
		C74B386E28BBCB5F000E728D /* TVShowPresenter.swift in Sources */ = {isa = PBXBuildFile; fileRef = C74B386D28BBCB5F000E728D /* TVShowPresenter.swift */; };
		C74B387028BBCB6E000E728D /* TVShowConfigurator.swift in Sources */ = {isa = PBXBuildFile; fileRef = C74B386F28BBCB6E000E728D /* TVShowConfigurator.swift */; };
		C7668E4228C4D52D0029FD9B /* MyFavoriteListConfigurator.swift in Sources */ = {isa = PBXBuildFile; fileRef = C7668E4128C4D52D0029FD9B /* MyFavoriteListConfigurator.swift */; };
		C7668E4828C4D6640029FD9B /* MyFavoriteListPresenter.swift in Sources */ = {isa = PBXBuildFile; fileRef = C7668E4728C4D6640029FD9B /* MyFavoriteListPresenter.swift */; };
		C7668E4A28C4D6710029FD9B /* MyFavoriteListInteractor.swift in Sources */ = {isa = PBXBuildFile; fileRef = C7668E4928C4D6710029FD9B /* MyFavoriteListInteractor.swift */; };
		C7668E5228C509960029FD9B /* JobCityFlixTests.swift in Sources */ = {isa = PBXBuildFile; fileRef = C7668E5128C509960029FD9B /* JobCityFlixTests.swift */; };
		C7668E5D28C50A220029FD9B /* ServiceAPI.swift in Sources */ = {isa = PBXBuildFile; fileRef = C7668E5C28C50A220029FD9B /* ServiceAPI.swift */; };
		C7668E5F28C50E0D0029FD9B /* TVShowListJSON.json in Sources */ = {isa = PBXBuildFile; fileRef = C7668E5E28C50E0D0029FD9B /* TVShowListJSON.json */; };
		C7668E6028C50F850029FD9B /* TVShowListJSON.json in Resources */ = {isa = PBXBuildFile; fileRef = C7668E5E28C50E0D0029FD9B /* TVShowListJSON.json */; };
		C7668E6128C510B20029FD9B /* TVShowListJSON.json in Resources */ = {isa = PBXBuildFile; fileRef = C7668E5E28C50E0D0029FD9B /* TVShowListJSON.json */; };
		C7D2F7F728BBFD5000EEC146 /* TVShowListView.swift in Sources */ = {isa = PBXBuildFile; fileRef = C7D2F7F628BBFD5000EEC146 /* TVShowListView.swift */; };
		C7D2F7F928BBFD7E00EEC146 /* TVShowListCell.swift in Sources */ = {isa = PBXBuildFile; fileRef = C7D2F7F828BBFD7E00EEC146 /* TVShowListCell.swift */; };
		C7D2F7FB28BBFDBF00EEC146 /* UIView+Helpers.swift in Sources */ = {isa = PBXBuildFile; fileRef = C7D2F7FA28BBFDBF00EEC146 /* UIView+Helpers.swift */; };
		C7D2F7FD28BBFE6F00EEC146 /* TVShowMainHeader.swift in Sources */ = {isa = PBXBuildFile; fileRef = C7D2F7FC28BBFE6F00EEC146 /* TVShowMainHeader.swift */; };
		C7D2F80028BC01D000EEC146 /* TabViewController.swift in Sources */ = {isa = PBXBuildFile; fileRef = C7D2F7FF28BC01D000EEC146 /* TabViewController.swift */; };
		C7D2F80F28BD60FC00EEC146 /* TVShowDetailPresenter.swift in Sources */ = {isa = PBXBuildFile; fileRef = C7D2F80328BD60FC00EEC146 /* TVShowDetailPresenter.swift */; };
		C7D2F81228BD60FC00EEC146 /* TVShowDetailViewController.swift in Sources */ = {isa = PBXBuildFile; fileRef = C7D2F80728BD60FC00EEC146 /* TVShowDetailViewController.swift */; };
		C7D2F81328BD60FC00EEC146 /* TVShowDetailCell.swift in Sources */ = {isa = PBXBuildFile; fileRef = C7D2F80828BD60FC00EEC146 /* TVShowDetailCell.swift */; };
		C7D2F81428BD60FC00EEC146 /* TVShowDetailView.swift in Sources */ = {isa = PBXBuildFile; fileRef = C7D2F80928BD60FC00EEC146 /* TVShowDetailView.swift */; };
		C7D2F81528BD60FC00EEC146 /* ServiceAPI+TVShowDetail.swift in Sources */ = {isa = PBXBuildFile; fileRef = C7D2F80B28BD60FC00EEC146 /* ServiceAPI+TVShowDetail.swift */; };
		C7D2F81628BD60FC00EEC146 /* TVShowDetailConfigurator.swift in Sources */ = {isa = PBXBuildFile; fileRef = C7D2F80C28BD60FC00EEC146 /* TVShowDetailConfigurator.swift */; };
		C7D2F81728BD60FC00EEC146 /* TVShowDetailInteractor.swift in Sources */ = {isa = PBXBuildFile; fileRef = C7D2F80E28BD60FC00EEC146 /* TVShowDetailInteractor.swift */; };
		C7D2F81B28BD7B2900EEC146 /* TVShowDetailNavigationMenuCell.swift in Sources */ = {isa = PBXBuildFile; fileRef = C7D2F81A28BD7B2900EEC146 /* TVShowDetailNavigationMenuCell.swift */; };
		C7D2F82028BD856E00EEC146 /* TVShowEpisodeCell.swift in Sources */ = {isa = PBXBuildFile; fileRef = C7D2F81F28BD856E00EEC146 /* TVShowEpisodeCell.swift */; };
		C7D2F82228BE465400EEC146 /* SeasonViewController.swift in Sources */ = {isa = PBXBuildFile; fileRef = C7D2F82128BE465400EEC146 /* SeasonViewController.swift */; };
		C7D2F82528BE46BA00EEC146 /* SeasonCell.swift in Sources */ = {isa = PBXBuildFile; fileRef = C7D2F82428BE46BA00EEC146 /* SeasonCell.swift */; };
		C7D2F82728BE6B2D00EEC146 /* UIButton+Helpers.swift in Sources */ = {isa = PBXBuildFile; fileRef = C7D2F82628BE6B2D00EEC146 /* UIButton+Helpers.swift */; };
		C7D2F82928BF928D00EEC146 /* String+Helpers.swift in Sources */ = {isa = PBXBuildFile; fileRef = C7D2F82828BF928D00EEC146 /* String+Helpers.swift */; };
		C7D2F82B28BFAD5000EEC146 /* TVShowAboutCell.swift in Sources */ = {isa = PBXBuildFile; fileRef = C7D2F82A28BFAD5000EEC146 /* TVShowAboutCell.swift */; };
		C7D2F83228BFE2A400EEC146 /* TVShowLoadingCell.swift in Sources */ = {isa = PBXBuildFile; fileRef = C7D2F83128BFE2A400EEC146 /* TVShowLoadingCell.swift */; };
		C7D2F83528BFF6B100EEC146 /* TVShowEPisodeDetailViewController.swift in Sources */ = {isa = PBXBuildFile; fileRef = C7D2F83428BFF6B100EEC146 /* TVShowEPisodeDetailViewController.swift */; };
		C7D2F83828C13EE300EEC146 /* SearchShowViewController.swift in Sources */ = {isa = PBXBuildFile; fileRef = C7D2F83728C13EE300EEC146 /* SearchShowViewController.swift */; };
		C7D2F83B28C152DB00EEC146 /* SearchTVShowInteractor.swift in Sources */ = {isa = PBXBuildFile; fileRef = C7D2F83A28C152DB00EEC146 /* SearchTVShowInteractor.swift */; };
		C7D2F83E28C1530D00EEC146 /* SearchTVShowPresenter.swift in Sources */ = {isa = PBXBuildFile; fileRef = C7D2F83D28C1530D00EEC146 /* SearchTVShowPresenter.swift */; };
		C7D2F84228C1533400EEC146 /* Thread+Helpers.swift in Sources */ = {isa = PBXBuildFile; fileRef = C7D2F84128C1533400EEC146 /* Thread+Helpers.swift */; };
		C7D2F84428C1535800EEC146 /* SearchTVShowConfigurator.swift in Sources */ = {isa = PBXBuildFile; fileRef = C7D2F84328C1535800EEC146 /* SearchTVShowConfigurator.swift */; };
		C7D2F84728C1538200EEC146 /* SearchTVShowView.swift in Sources */ = {isa = PBXBuildFile; fileRef = C7D2F84628C1538200EEC146 /* SearchTVShowView.swift */; };
		C7D2F84B28C159E200EEC146 /* ServiceAPI+SearchTVShow.swift in Sources */ = {isa = PBXBuildFile; fileRef = C7D2F84A28C159E200EEC146 /* ServiceAPI+SearchTVShow.swift */; };
		C7D2F84D28C15A6A00EEC146 /* UIViewController+Helpers.swift in Sources */ = {isa = PBXBuildFile; fileRef = C7D2F84C28C15A6A00EEC146 /* UIViewController+Helpers.swift */; };
		C7D2F85128C1666300EEC146 /* UserAuthenticationViewController.swift in Sources */ = {isa = PBXBuildFile; fileRef = C7D2F85028C1666300EEC146 /* UserAuthenticationViewController.swift */; };
/* End PBXBuildFile section */

/* Begin PBXContainerItemProxy section */
		C70D4E3428C3DB2900991B3C /* PBXContainerItemProxy */ = {
			isa = PBXContainerItemProxy;
			containerPortal = C74B383628BAC068000E728D /* Project object */;
			proxyType = 1;
			remoteGlobalIDString = C74B383D28BAC068000E728D;
			remoteInfo = JobCityFlix;
		};
		C7668E5328C509960029FD9B /* PBXContainerItemProxy */ = {
			isa = PBXContainerItemProxy;
			containerPortal = C74B383628BAC068000E728D /* Project object */;
			proxyType = 1;
			remoteGlobalIDString = C74B383D28BAC068000E728D;
			remoteInfo = JobCityFlix;
		};
/* End PBXContainerItemProxy section */

/* Begin PBXFileReference section */
		1776F33703C4A976428A0579 /* Pods-JobCityFlix.release.xcconfig */ = {isa = PBXFileReference; includeInIndex = 1; lastKnownFileType = text.xcconfig; name = "Pods-JobCityFlix.release.xcconfig"; path = "Target Support Files/Pods-JobCityFlix/Pods-JobCityFlix.release.xcconfig"; sourceTree = "<group>"; };
		925F6920E9DE9A3E7E3F41FC /* Pods_JobCityFlix.framework */ = {isa = PBXFileReference; explicitFileType = wrapper.framework; includeInIndex = 0; path = Pods_JobCityFlix.framework; sourceTree = BUILT_PRODUCTS_DIR; };
		C70D4E1428C2319900991B3C /* TextFieldWithPadding.swift */ = {isa = PBXFileReference; lastKnownFileType = sourcecode.swift; path = TextFieldWithPadding.swift; sourceTree = "<group>"; };
		C70D4E1A28C2667C00991B3C /* UserAutheticationConfigurator.swift */ = {isa = PBXFileReference; lastKnownFileType = sourcecode.swift; path = UserAutheticationConfigurator.swift; sourceTree = "<group>"; };
		C70D4E1C28C2669000991B3C /* UserAuthenticationPresenter.swift */ = {isa = PBXFileReference; lastKnownFileType = sourcecode.swift; path = UserAuthenticationPresenter.swift; sourceTree = "<group>"; };
		C70D4E1E28C266B300991B3C /* LocalAuthentication.swift */ = {isa = PBXFileReference; lastKnownFileType = sourcecode.swift; path = LocalAuthentication.swift; sourceTree = "<group>"; };
		C70D4E2028C266D800991B3C /* UserAuthenticationInteractor.swift */ = {isa = PBXFileReference; lastKnownFileType = sourcecode.swift; path = UserAuthenticationInteractor.swift; sourceTree = "<group>"; };
		C70D4E2228C391BB00991B3C /* UserAuthenticationRegisterView.swift */ = {isa = PBXFileReference; lastKnownFileType = sourcecode.swift; path = UserAuthenticationRegisterView.swift; sourceTree = "<group>"; };
		C70D4E2428C391EF00991B3C /* UserAuthenticationLoginView.swift */ = {isa = PBXFileReference; lastKnownFileType = sourcecode.swift; path = UserAuthenticationLoginView.swift; sourceTree = "<group>"; };
		C70D4E2628C3938C00991B3C /* UserAuthenticationView.swift */ = {isa = PBXFileReference; lastKnownFileType = sourcecode.swift; path = UserAuthenticationView.swift; sourceTree = "<group>"; };
		C70D4E3028C3DB2900991B3C /* JobCityFlixUITests.xctest */ = {isa = PBXFileReference; explicitFileType = wrapper.cfbundle; includeInIndex = 0; path = JobCityFlixUITests.xctest; sourceTree = BUILT_PRODUCTS_DIR; };
		C70D4E3928C3F8FF00991B3C /* SearchFilterCell.swift */ = {isa = PBXFileReference; lastKnownFileType = sourcecode.swift; path = SearchFilterCell.swift; sourceTree = "<group>"; };
		C70D4E3B28C405B900991B3C /* SeasonButtonCell.swift */ = {isa = PBXFileReference; lastKnownFileType = sourcecode.swift; path = SeasonButtonCell.swift; sourceTree = "<group>"; };
		C70D4E3D28C41A5300991B3C /* SearchCodable.swift */ = {isa = PBXFileReference; lastKnownFileType = sourcecode.swift; path = SearchCodable.swift; sourceTree = "<group>"; };
		C70D4E3F28C41A7700991B3C /* TVShowCodable.swift */ = {isa = PBXFileReference; lastKnownFileType = sourcecode.swift; path = TVShowCodable.swift; sourceTree = "<group>"; };
		C70D4E4128C41AB000991B3C /* Episode.swift */ = {isa = PBXFileReference; lastKnownFileType = sourcecode.swift; path = Episode.swift; sourceTree = "<group>"; };
		C70D4E4328C41B3E00991B3C /* Person.swift */ = {isa = PBXFileReference; lastKnownFileType = sourcecode.swift; path = Person.swift; sourceTree = "<group>"; };
		C70D4E4528C4215800991B3C /* SearchPersonCell.swift */ = {isa = PBXFileReference; lastKnownFileType = sourcecode.swift; path = SearchPersonCell.swift; sourceTree = "<group>"; };
		C70D4E4C28C4994B00991B3C /* PersonDetailPresenter.swift */ = {isa = PBXFileReference; fileEncoding = 4; lastKnownFileType = sourcecode.swift; path = PersonDetailPresenter.swift; sourceTree = "<group>"; };
		C70D4E4E28C4994B00991B3C /* PersonDetailViewController.swift */ = {isa = PBXFileReference; fileEncoding = 4; lastKnownFileType = sourcecode.swift; path = PersonDetailViewController.swift; sourceTree = "<group>"; };
		C70D4E4F28C4994B00991B3C /* PersonDetailView.swift */ = {isa = PBXFileReference; fileEncoding = 4; lastKnownFileType = sourcecode.swift; path = PersonDetailView.swift; sourceTree = "<group>"; };
		C70D4E5228C4994B00991B3C /* ServiceAPI+Person.swift */ = {isa = PBXFileReference; fileEncoding = 4; lastKnownFileType = sourcecode.swift; path = "ServiceAPI+Person.swift"; sourceTree = "<group>"; };
		C70D4E5428C4994B00991B3C /* PersonConfigurator.swift */ = {isa = PBXFileReference; fileEncoding = 4; lastKnownFileType = sourcecode.swift; path = PersonConfigurator.swift; sourceTree = "<group>"; };
		C70D4E5628C4994B00991B3C /* PersonInteractor.swift */ = {isa = PBXFileReference; fileEncoding = 4; lastKnownFileType = sourcecode.swift; path = PersonInteractor.swift; sourceTree = "<group>"; };
		C70D4E5E28C49EDA00991B3C /* PersonDetailCell.swift */ = {isa = PBXFileReference; lastKnownFileType = sourcecode.swift; path = PersonDetailCell.swift; sourceTree = "<group>"; };
		C70D4E6128C4C1AD00991B3C /* MyFavoriteListViewController.swift */ = {isa = PBXFileReference; lastKnownFileType = sourcecode.swift; path = MyFavoriteListViewController.swift; sourceTree = "<group>"; };
		C70D4E6428C4C1E100991B3C /* CoredataModel.xcdatamodel */ = {isa = PBXFileReference; lastKnownFileType = wrapper.xcdatamodel; path = CoredataModel.xcdatamodel; sourceTree = "<group>"; };
		C70D4E6628C4C51100991B3C /* FavoriteEntity+CoreDataProperties.swift */ = {isa = PBXFileReference; lastKnownFileType = sourcecode.swift; name = "FavoriteEntity+CoreDataProperties.swift"; path = "/Users/marcelocarvalho/Documents/JobCityFlix/JobCityFlix/Modules/MyFavoriteList/FavoriteEntity+CoreDataProperties.swift"; sourceTree = "<absolute>"; };
		C70D4E6828C4C51400991B3C /* FavoriteEntity+CoreDataClass.swift */ = {isa = PBXFileReference; lastKnownFileType = sourcecode.swift; name = "FavoriteEntity+CoreDataClass.swift"; path = "/Users/marcelocarvalho/Documents/JobCityFlix/JobCityFlix/Modules/MyFavoriteList/FavoriteEntity+CoreDataClass.swift"; sourceTree = "<absolute>"; };
		C70D4E6A28C4C54D00991B3C /* FavoriteManager.swift */ = {isa = PBXFileReference; lastKnownFileType = sourcecode.swift; path = FavoriteManager.swift; sourceTree = "<group>"; };
		C74B383E28BAC068000E728D /* JobCityFlix.app */ = {isa = PBXFileReference; explicitFileType = wrapper.application; includeInIndex = 0; path = JobCityFlix.app; sourceTree = BUILT_PRODUCTS_DIR; };
		C74B384128BAC068000E728D /* AppDelegate.swift */ = {isa = PBXFileReference; lastKnownFileType = sourcecode.swift; path = AppDelegate.swift; sourceTree = "<group>"; };
		C74B384528BAC068000E728D /* TVShowListViewController.swift */ = {isa = PBXFileReference; lastKnownFileType = sourcecode.swift; path = TVShowListViewController.swift; sourceTree = "<group>"; };
		C74B384A28BAC069000E728D /* Assets.xcassets */ = {isa = PBXFileReference; lastKnownFileType = folder.assetcatalog; path = Assets.xcassets; sourceTree = "<group>"; };
		C74B384D28BAC069000E728D /* Base */ = {isa = PBXFileReference; lastKnownFileType = file.storyboard; name = Base; path = Base.lproj/LaunchScreen.storyboard; sourceTree = "<group>"; };
		C74B384F28BAC069000E728D /* Info.plist */ = {isa = PBXFileReference; lastKnownFileType = text.plist.xml; path = Info.plist; sourceTree = "<group>"; };
		C74B385828BBACA7000E728D /* ServiceAPI.swift */ = {isa = PBXFileReference; lastKnownFileType = sourcecode.swift; path = ServiceAPI.swift; sourceTree = "<group>"; };
		C74B385D28BBAD13000E728D /* EndPoints.swift */ = {isa = PBXFileReference; lastKnownFileType = sourcecode.swift; path = EndPoints.swift; sourceTree = "<group>"; };
		C74B385F28BBB32E000E728D /* HTTPClient.swift */ = {isa = PBXFileReference; lastKnownFileType = sourcecode.swift; path = HTTPClient.swift; sourceTree = "<group>"; };
		C74B386228BBB72C000E728D /* ServiceAPI+TVShow.swift */ = {isa = PBXFileReference; lastKnownFileType = sourcecode.swift; path = "ServiceAPI+TVShow.swift"; sourceTree = "<group>"; };
		C74B386528BBB8A6000E728D /* SceneDelegate.swift */ = {isa = PBXFileReference; lastKnownFileType = sourcecode.swift; path = SceneDelegate.swift; sourceTree = "<group>"; };
		C74B386B28BBCB4E000E728D /* TVShowInteractor.swift */ = {isa = PBXFileReference; lastKnownFileType = sourcecode.swift; path = TVShowInteractor.swift; sourceTree = "<group>"; };
		C74B386D28BBCB5F000E728D /* TVShowPresenter.swift */ = {isa = PBXFileReference; lastKnownFileType = sourcecode.swift; path = TVShowPresenter.swift; sourceTree = "<group>"; };
		C74B386F28BBCB6E000E728D /* TVShowConfigurator.swift */ = {isa = PBXFileReference; lastKnownFileType = sourcecode.swift; path = TVShowConfigurator.swift; sourceTree = "<group>"; };
		C7668E4128C4D52D0029FD9B /* MyFavoriteListConfigurator.swift */ = {isa = PBXFileReference; lastKnownFileType = sourcecode.swift; path = MyFavoriteListConfigurator.swift; sourceTree = "<group>"; };
		C7668E4728C4D6640029FD9B /* MyFavoriteListPresenter.swift */ = {isa = PBXFileReference; lastKnownFileType = sourcecode.swift; path = MyFavoriteListPresenter.swift; sourceTree = "<group>"; };
		C7668E4928C4D6710029FD9B /* MyFavoriteListInteractor.swift */ = {isa = PBXFileReference; lastKnownFileType = sourcecode.swift; path = MyFavoriteListInteractor.swift; sourceTree = "<group>"; };
		C7668E4F28C509960029FD9B /* JobCityFlixTests.xctest */ = {isa = PBXFileReference; explicitFileType = wrapper.cfbundle; includeInIndex = 0; path = JobCityFlixTests.xctest; sourceTree = BUILT_PRODUCTS_DIR; };
		C7668E5128C509960029FD9B /* JobCityFlixTests.swift */ = {isa = PBXFileReference; lastKnownFileType = sourcecode.swift; path = JobCityFlixTests.swift; sourceTree = "<group>"; };
		C7668E5C28C50A220029FD9B /* ServiceAPI.swift */ = {isa = PBXFileReference; lastKnownFileType = sourcecode.swift; path = ServiceAPI.swift; sourceTree = "<group>"; };
		C7668E5E28C50E0D0029FD9B /* TVShowListJSON.json */ = {isa = PBXFileReference; lastKnownFileType = text.json; path = TVShowListJSON.json; sourceTree = "<group>"; };
		C7D2F7F628BBFD5000EEC146 /* TVShowListView.swift */ = {isa = PBXFileReference; lastKnownFileType = sourcecode.swift; path = TVShowListView.swift; sourceTree = "<group>"; };
		C7D2F7F828BBFD7E00EEC146 /* TVShowListCell.swift */ = {isa = PBXFileReference; lastKnownFileType = sourcecode.swift; path = TVShowListCell.swift; sourceTree = "<group>"; };
		C7D2F7FA28BBFDBF00EEC146 /* UIView+Helpers.swift */ = {isa = PBXFileReference; lastKnownFileType = sourcecode.swift; path = "UIView+Helpers.swift"; sourceTree = "<group>"; };
		C7D2F7FC28BBFE6F00EEC146 /* TVShowMainHeader.swift */ = {isa = PBXFileReference; lastKnownFileType = sourcecode.swift; path = TVShowMainHeader.swift; sourceTree = "<group>"; };
		C7D2F7FF28BC01D000EEC146 /* TabViewController.swift */ = {isa = PBXFileReference; lastKnownFileType = sourcecode.swift; path = TabViewController.swift; sourceTree = "<group>"; };
		C7D2F80328BD60FC00EEC146 /* TVShowDetailPresenter.swift */ = {isa = PBXFileReference; fileEncoding = 4; lastKnownFileType = sourcecode.swift; path = TVShowDetailPresenter.swift; sourceTree = "<group>"; };
		C7D2F80728BD60FC00EEC146 /* TVShowDetailViewController.swift */ = {isa = PBXFileReference; fileEncoding = 4; lastKnownFileType = sourcecode.swift; path = TVShowDetailViewController.swift; sourceTree = "<group>"; };
		C7D2F80828BD60FC00EEC146 /* TVShowDetailCell.swift */ = {isa = PBXFileReference; fileEncoding = 4; lastKnownFileType = sourcecode.swift; path = TVShowDetailCell.swift; sourceTree = "<group>"; };
		C7D2F80928BD60FC00EEC146 /* TVShowDetailView.swift */ = {isa = PBXFileReference; fileEncoding = 4; lastKnownFileType = sourcecode.swift; path = TVShowDetailView.swift; sourceTree = "<group>"; };
		C7D2F80B28BD60FC00EEC146 /* ServiceAPI+TVShowDetail.swift */ = {isa = PBXFileReference; fileEncoding = 4; lastKnownFileType = sourcecode.swift; path = "ServiceAPI+TVShowDetail.swift"; sourceTree = "<group>"; };
		C7D2F80C28BD60FC00EEC146 /* TVShowDetailConfigurator.swift */ = {isa = PBXFileReference; fileEncoding = 4; lastKnownFileType = sourcecode.swift; path = TVShowDetailConfigurator.swift; sourceTree = "<group>"; };
		C7D2F80E28BD60FC00EEC146 /* TVShowDetailInteractor.swift */ = {isa = PBXFileReference; fileEncoding = 4; lastKnownFileType = sourcecode.swift; path = TVShowDetailInteractor.swift; sourceTree = "<group>"; };
		C7D2F81A28BD7B2900EEC146 /* TVShowDetailNavigationMenuCell.swift */ = {isa = PBXFileReference; lastKnownFileType = sourcecode.swift; path = TVShowDetailNavigationMenuCell.swift; sourceTree = "<group>"; };
		C7D2F81F28BD856E00EEC146 /* TVShowEpisodeCell.swift */ = {isa = PBXFileReference; lastKnownFileType = sourcecode.swift; path = TVShowEpisodeCell.swift; sourceTree = "<group>"; };
		C7D2F82128BE465400EEC146 /* SeasonViewController.swift */ = {isa = PBXFileReference; lastKnownFileType = sourcecode.swift; path = SeasonViewController.swift; sourceTree = "<group>"; };
		C7D2F82428BE46BA00EEC146 /* SeasonCell.swift */ = {isa = PBXFileReference; lastKnownFileType = sourcecode.swift; path = SeasonCell.swift; sourceTree = "<group>"; };
		C7D2F82628BE6B2D00EEC146 /* UIButton+Helpers.swift */ = {isa = PBXFileReference; lastKnownFileType = sourcecode.swift; path = "UIButton+Helpers.swift"; sourceTree = "<group>"; };
		C7D2F82828BF928D00EEC146 /* String+Helpers.swift */ = {isa = PBXFileReference; lastKnownFileType = sourcecode.swift; path = "String+Helpers.swift"; sourceTree = "<group>"; };
		C7D2F82A28BFAD5000EEC146 /* TVShowAboutCell.swift */ = {isa = PBXFileReference; lastKnownFileType = sourcecode.swift; path = TVShowAboutCell.swift; sourceTree = "<group>"; };
		C7D2F83128BFE2A400EEC146 /* TVShowLoadingCell.swift */ = {isa = PBXFileReference; lastKnownFileType = sourcecode.swift; path = TVShowLoadingCell.swift; sourceTree = "<group>"; };
		C7D2F83428BFF6B100EEC146 /* TVShowEPisodeDetailViewController.swift */ = {isa = PBXFileReference; lastKnownFileType = sourcecode.swift; path = TVShowEPisodeDetailViewController.swift; sourceTree = "<group>"; };
		C7D2F83728C13EE300EEC146 /* SearchShowViewController.swift */ = {isa = PBXFileReference; lastKnownFileType = sourcecode.swift; path = SearchShowViewController.swift; sourceTree = "<group>"; };
		C7D2F83A28C152DB00EEC146 /* SearchTVShowInteractor.swift */ = {isa = PBXFileReference; lastKnownFileType = sourcecode.swift; path = SearchTVShowInteractor.swift; sourceTree = "<group>"; };
		C7D2F83D28C1530D00EEC146 /* SearchTVShowPresenter.swift */ = {isa = PBXFileReference; lastKnownFileType = sourcecode.swift; path = SearchTVShowPresenter.swift; sourceTree = "<group>"; };
		C7D2F84128C1533400EEC146 /* Thread+Helpers.swift */ = {isa = PBXFileReference; lastKnownFileType = sourcecode.swift; path = "Thread+Helpers.swift"; sourceTree = "<group>"; };
		C7D2F84328C1535800EEC146 /* SearchTVShowConfigurator.swift */ = {isa = PBXFileReference; lastKnownFileType = sourcecode.swift; path = SearchTVShowConfigurator.swift; sourceTree = "<group>"; };
		C7D2F84628C1538200EEC146 /* SearchTVShowView.swift */ = {isa = PBXFileReference; lastKnownFileType = sourcecode.swift; path = SearchTVShowView.swift; sourceTree = "<group>"; };
		C7D2F84A28C159E200EEC146 /* ServiceAPI+SearchTVShow.swift */ = {isa = PBXFileReference; lastKnownFileType = sourcecode.swift; path = "ServiceAPI+SearchTVShow.swift"; sourceTree = "<group>"; };
		C7D2F84C28C15A6A00EEC146 /* UIViewController+Helpers.swift */ = {isa = PBXFileReference; lastKnownFileType = sourcecode.swift; path = "UIViewController+Helpers.swift"; sourceTree = "<group>"; };
		C7D2F85028C1666300EEC146 /* UserAuthenticationViewController.swift */ = {isa = PBXFileReference; lastKnownFileType = sourcecode.swift; path = UserAuthenticationViewController.swift; sourceTree = "<group>"; };
		FAC9E4BE89C48DD2B326686E /* Pods-JobCityFlix.debug.xcconfig */ = {isa = PBXFileReference; includeInIndex = 1; lastKnownFileType = text.xcconfig; name = "Pods-JobCityFlix.debug.xcconfig"; path = "Target Support Files/Pods-JobCityFlix/Pods-JobCityFlix.debug.xcconfig"; sourceTree = "<group>"; };
/* End PBXFileReference section */

/* Begin PBXFrameworksBuildPhase section */
		C70D4E2D28C3DB2900991B3C /* Frameworks */ = {
			isa = PBXFrameworksBuildPhase;
			buildActionMask = 2147483647;
			files = (
			);
			runOnlyForDeploymentPostprocessing = 0;
		};
		C74B383B28BAC068000E728D /* Frameworks */ = {
			isa = PBXFrameworksBuildPhase;
			buildActionMask = 2147483647;
			files = (
				6724437603C19F1434E2F6AC /* Pods_JobCityFlix.framework in Frameworks */,
			);
			runOnlyForDeploymentPostprocessing = 0;
		};
		C7668E4C28C509960029FD9B /* Frameworks */ = {
			isa = PBXFrameworksBuildPhase;
			buildActionMask = 2147483647;
			files = (
			);
			runOnlyForDeploymentPostprocessing = 0;
		};
/* End PBXFrameworksBuildPhase section */

/* Begin PBXGroup section */
		6966C37EE359664E8216E85E /* Pods */ = {
			isa = PBXGroup;
			children = (
				FAC9E4BE89C48DD2B326686E /* Pods-JobCityFlix.debug.xcconfig */,
				1776F33703C4A976428A0579 /* Pods-JobCityFlix.release.xcconfig */,
			);
			path = Pods;
			sourceTree = "<group>";
		};
		8F30F8F0EACFF1153982E4EB /* Frameworks */ = {
			isa = PBXGroup;
			children = (
				925F6920E9DE9A3E7E3F41FC /* Pods_JobCityFlix.framework */,
			);
			name = Frameworks;
			sourceTree = "<group>";
		};
		C70D4E1228C22E7500991B3C /* Modules */ = {
			isa = PBXGroup;
			children = (
				C70D4E6028C4C19B00991B3C /* MyFavoriteList */,
				C70D4E4A28C4994B00991B3C /* PersonDetail */,
				C7D2F83328BFF69E00EEC146 /* EpisodeDetail */,
				C7D2F83628C13EC800EEC146 /* Search */,
				C74B385A28BBACC5000E728D /* ServiceAPI */,
				C7D2F80128BD60FC00EEC146 /* TVShowDetail */,
				C74B385728BBAC76000E728D /* TVShowList */,
				C7D2F84E28C1663900EEC146 /* UserAuthentication */,
			);
			path = Modules;
			sourceTree = "<group>";
		};
		C70D4E1328C2318400991B3C /* Reusable Components */ = {
			isa = PBXGroup;
			children = (
				C70D4E1428C2319900991B3C /* TextFieldWithPadding.swift */,
			);
			path = "Reusable Components";
			sourceTree = "<group>";
		};
		C70D4E1628C2664D00991B3C /* Presenter */ = {
			isa = PBXGroup;
			children = (
				C70D4E1C28C2669000991B3C /* UserAuthenticationPresenter.swift */,
			);
			path = Presenter;
			sourceTree = "<group>";
		};
		C70D4E1728C2665300991B3C /* Interactor */ = {
			isa = PBXGroup;
			children = (
				C70D4E1E28C266B300991B3C /* LocalAuthentication.swift */,
				C70D4E2028C266D800991B3C /* UserAuthenticationInteractor.swift */,
			);
			path = Interactor;
			sourceTree = "<group>";
		};
		C70D4E1928C2667100991B3C /* Configurator */ = {
			isa = PBXGroup;
			children = (
				C70D4E1A28C2667C00991B3C /* UserAutheticationConfigurator.swift */,
			);
			path = Configurator;
			sourceTree = "<group>";
		};
		C70D4E3128C3DB2900991B3C /* JobCityFlixUITests */ = {
			isa = PBXGroup;
			children = (
			);
			path = JobCityFlixUITests;
			sourceTree = "<group>";
		};
		C70D4E4A28C4994B00991B3C /* PersonDetail */ = {
			isa = PBXGroup;
			children = (
				C70D4E4B28C4994B00991B3C /* Presenter */,
				C70D4E4D28C4994B00991B3C /* View */,
				C70D4E5028C4994B00991B3C /* ServiceAPI */,
				C70D4E5328C4994B00991B3C /* Configurator */,
				C70D4E5528C4994B00991B3C /* Interactor */,
			);
			path = PersonDetail;
			sourceTree = "<group>";
		};
		C70D4E4B28C4994B00991B3C /* Presenter */ = {
			isa = PBXGroup;
			children = (
				C70D4E4C28C4994B00991B3C /* PersonDetailPresenter.swift */,
			);
			path = Presenter;
			sourceTree = "<group>";
		};
		C70D4E4D28C4994B00991B3C /* View */ = {
			isa = PBXGroup;
			children = (
				C70D4E4E28C4994B00991B3C /* PersonDetailViewController.swift */,
				C70D4E4F28C4994B00991B3C /* PersonDetailView.swift */,
				C70D4E5E28C49EDA00991B3C /* PersonDetailCell.swift */,
			);
			path = View;
			sourceTree = "<group>";
		};
		C70D4E5028C4994B00991B3C /* ServiceAPI */ = {
			isa = PBXGroup;
			children = (
				C70D4E5228C4994B00991B3C /* ServiceAPI+Person.swift */,
			);
			path = ServiceAPI;
			sourceTree = "<group>";
		};
		C70D4E5328C4994B00991B3C /* Configurator */ = {
			isa = PBXGroup;
			children = (
				C70D4E5428C4994B00991B3C /* PersonConfigurator.swift */,
			);
			path = Configurator;
			sourceTree = "<group>";
		};
		C70D4E5528C4994B00991B3C /* Interactor */ = {
			isa = PBXGroup;
			children = (
				C70D4E5628C4994B00991B3C /* PersonInteractor.swift */,
			);
			path = Interactor;
			sourceTree = "<group>";
		};
		C70D4E6028C4C19B00991B3C /* MyFavoriteList */ = {
			isa = PBXGroup;
			children = (
				C7668E4628C4D6350029FD9B /* CoreData Manager */,
				C7668E4528C4D6300029FD9B /* Interactor */,
				C7668E4428C4D6290029FD9B /* Presenter */,
				C7668E4328C4D6250029FD9B /* View */,
				C7668E4128C4D52D0029FD9B /* MyFavoriteListConfigurator.swift */,
			);
			path = MyFavoriteList;
			sourceTree = "<group>";
		};
		C74B383528BAC068000E728D = {
			isa = PBXGroup;
			children = (
				C74B384028BAC068000E728D /* JobCityFlix */,
				C70D4E3128C3DB2900991B3C /* JobCityFlixUITests */,
				C7668E5028C509960029FD9B /* JobCityFlixTests */,
				C74B383F28BAC068000E728D /* Products */,
				6966C37EE359664E8216E85E /* Pods */,
				8F30F8F0EACFF1153982E4EB /* Frameworks */,
			);
			sourceTree = "<group>";
		};
		C74B383F28BAC068000E728D /* Products */ = {
			isa = PBXGroup;
			children = (
				C74B383E28BAC068000E728D /* JobCityFlix.app */,
				C70D4E3028C3DB2900991B3C /* JobCityFlixUITests.xctest */,
				C7668E4F28C509960029FD9B /* JobCityFlixTests.xctest */,
			);
			name = Products;
			sourceTree = "<group>";
		};
		C74B384028BAC068000E728D /* JobCityFlix */ = {
			isa = PBXGroup;
			children = (
				C70D4E1228C22E7500991B3C /* Modules */,
				C74B386428BBB7D7000E728D /* Application */,
			);
			path = JobCityFlix;
			sourceTree = "<group>";
		};
		C74B385728BBAC76000E728D /* TVShowList */ = {
			isa = PBXGroup;
			children = (
				C74B386A28BBCB36000E728D /* ServiceAPI */,
				C74B386928BBCB2A000E728D /* Interactor */,
				C74B386828BBCB24000E728D /* Presenter */,
				C74B386728BBCB18000E728D /* View */,
				C74B386F28BBCB6E000E728D /* TVShowConfigurator.swift */,
			);
			path = TVShowList;
			sourceTree = "<group>";
		};
		C74B385A28BBACC5000E728D /* ServiceAPI */ = {
			isa = PBXGroup;
			children = (
				C74B386128BBB454000E728D /* RemoteService */,
				C74B385828BBACA7000E728D /* ServiceAPI.swift */,
				C74B385D28BBAD13000E728D /* EndPoints.swift */,
				C70D4E3F28C41A7700991B3C /* TVShowCodable.swift */,
			);
			path = ServiceAPI;
			sourceTree = "<group>";
		};
		C74B386128BBB454000E728D /* RemoteService */ = {
			isa = PBXGroup;
			children = (
				C74B385F28BBB32E000E728D /* HTTPClient.swift */,
			);
			path = RemoteService;
			sourceTree = "<group>";
		};
		C74B386428BBB7D7000E728D /* Application */ = {
			isa = PBXGroup;
			children = (
				C7D2F7FE28BC016200EEC146 /* TabBar */,
				C7D2F81828BD649D00EEC146 /* Shared Resources */,
				C74B384C28BAC069000E728D /* LaunchScreen.storyboard */,
				C74B384128BAC068000E728D /* AppDelegate.swift */,
				C74B386528BBB8A6000E728D /* SceneDelegate.swift */,
				C74B384A28BAC069000E728D /* Assets.xcassets */,
				C74B384F28BAC069000E728D /* Info.plist */,
			);
			path = Application;
			sourceTree = "<group>";
		};
		C74B386728BBCB18000E728D /* View */ = {
			isa = PBXGroup;
			children = (
				C74B384528BAC068000E728D /* TVShowListViewController.swift */,
				C7D2F7F628BBFD5000EEC146 /* TVShowListView.swift */,
				C7D2F7F828BBFD7E00EEC146 /* TVShowListCell.swift */,
				C7D2F7FC28BBFE6F00EEC146 /* TVShowMainHeader.swift */,
				C7D2F83128BFE2A400EEC146 /* TVShowLoadingCell.swift */,
			);
			path = View;
			sourceTree = "<group>";
		};
		C74B386828BBCB24000E728D /* Presenter */ = {
			isa = PBXGroup;
			children = (
				C74B386D28BBCB5F000E728D /* TVShowPresenter.swift */,
			);
			path = Presenter;
			sourceTree = "<group>";
		};
		C74B386928BBCB2A000E728D /* Interactor */ = {
			isa = PBXGroup;
			children = (
				C74B386B28BBCB4E000E728D /* TVShowInteractor.swift */,
			);
			path = Interactor;
			sourceTree = "<group>";
		};
		C74B386A28BBCB36000E728D /* ServiceAPI */ = {
			isa = PBXGroup;
			children = (
				C74B386228BBB72C000E728D /* ServiceAPI+TVShow.swift */,
			);
			path = ServiceAPI;
			sourceTree = "<group>";
		};
		C7668E4328C4D6250029FD9B /* View */ = {
			isa = PBXGroup;
			children = (
				C70D4E6128C4C1AD00991B3C /* MyFavoriteListViewController.swift */,
			);
			path = View;
			sourceTree = "<group>";
		};
		C7668E4428C4D6290029FD9B /* Presenter */ = {
			isa = PBXGroup;
			children = (
				C7668E4728C4D6640029FD9B /* MyFavoriteListPresenter.swift */,
			);
			path = Presenter;
			sourceTree = "<group>";
		};
		C7668E4528C4D6300029FD9B /* Interactor */ = {
			isa = PBXGroup;
			children = (
				C7668E4928C4D6710029FD9B /* MyFavoriteListInteractor.swift */,
			);
			path = Interactor;
			sourceTree = "<group>";
		};
		C7668E4628C4D6350029FD9B /* CoreData Manager */ = {
			isa = PBXGroup;
			children = (
				C70D4E6A28C4C54D00991B3C /* FavoriteManager.swift */,
				C70D4E6328C4C1E100991B3C /* CoredataModel.xcdatamodeld */,
				C70D4E6828C4C51400991B3C /* FavoriteEntity+CoreDataClass.swift */,
				C70D4E6628C4C51100991B3C /* FavoriteEntity+CoreDataProperties.swift */,
			);
			path = "CoreData Manager";
			sourceTree = "<group>";
		};
		C7668E5028C509960029FD9B /* JobCityFlixTests */ = {
			isa = PBXGroup;
			children = (
				C7668E5828C5099F0029FD9B /* Modules */,
				C7668E5128C509960029FD9B /* JobCityFlixTests.swift */,
			);
			path = JobCityFlixTests;
			sourceTree = "<group>";
		};
		C7668E5828C5099F0029FD9B /* Modules */ = {
			isa = PBXGroup;
			children = (
				C7668E5A28C509BA0029FD9B /* Application */,
				C7668E5928C509A80029FD9B /* TVShowList */,
			);
			path = Modules;
			sourceTree = "<group>";
		};
		C7668E5928C509A80029FD9B /* TVShowList */ = {
			isa = PBXGroup;
			children = (
				C7668E5B28C509DE0029FD9B /* ServiceAPI */,
			);
			path = TVShowList;
			sourceTree = "<group>";
		};
		C7668E5A28C509BA0029FD9B /* Application */ = {
			isa = PBXGroup;
			children = (
			);
			path = Application;
			sourceTree = "<group>";
		};
		C7668E5B28C509DE0029FD9B /* ServiceAPI */ = {
			isa = PBXGroup;
			children = (
				C7668E5C28C50A220029FD9B /* ServiceAPI.swift */,
				C7668E5E28C50E0D0029FD9B /* TVShowListJSON.json */,
			);
			path = ServiceAPI;
			sourceTree = "<group>";
		};
		C7D2F7FE28BC016200EEC146 /* TabBar */ = {
			isa = PBXGroup;
			children = (
				C7D2F7FF28BC01D000EEC146 /* TabViewController.swift */,
			);
			path = TabBar;
			sourceTree = "<group>";
		};
		C7D2F80128BD60FC00EEC146 /* TVShowDetail */ = {
			isa = PBXGroup;
			children = (
				C7D2F83028BFAE5E00EEC146 /* Configurator */,
				C7D2F80428BD60FC00EEC146 /* DetailViewController */,
				C7D2F80D28BD60FC00EEC146 /* Interactor */,
				C7D2F80228BD60FC00EEC146 /* Presenter */,
				C7D2F82328BE46A500EEC146 /* SeasonViewController */,
				C7D2F80A28BD60FC00EEC146 /* ServiceAPI */,
			);
			path = TVShowDetail;
			sourceTree = "<group>";
		};
		C7D2F80228BD60FC00EEC146 /* Presenter */ = {
			isa = PBXGroup;
			children = (
				C7D2F80328BD60FC00EEC146 /* TVShowDetailPresenter.swift */,
			);
			path = Presenter;
			sourceTree = "<group>";
		};
		C7D2F80428BD60FC00EEC146 /* DetailViewController */ = {
			isa = PBXGroup;
			children = (
				C7D2F82E28BFADA700EEC146 /* CollectionViewCell */,
				C7D2F80728BD60FC00EEC146 /* TVShowDetailViewController.swift */,
				C7D2F80928BD60FC00EEC146 /* TVShowDetailView.swift */,
			);
			path = DetailViewController;
			sourceTree = "<group>";
		};
		C7D2F80A28BD60FC00EEC146 /* ServiceAPI */ = {
			isa = PBXGroup;
			children = (
				C7D2F80B28BD60FC00EEC146 /* ServiceAPI+TVShowDetail.swift */,
				C70D4E4128C41AB000991B3C /* Episode.swift */,
			);
			path = ServiceAPI;
			sourceTree = "<group>";
		};
		C7D2F80D28BD60FC00EEC146 /* Interactor */ = {
			isa = PBXGroup;
			children = (
				C7D2F80E28BD60FC00EEC146 /* TVShowDetailInteractor.swift */,
			);
			path = Interactor;
			sourceTree = "<group>";
		};
		C7D2F81828BD649D00EEC146 /* Shared Resources */ = {
			isa = PBXGroup;
			children = (
				C70D4E1328C2318400991B3C /* Reusable Components */,
				C7D2F81928BD64B600EEC146 /* Extensions */,
			);
			path = "Shared Resources";
			sourceTree = "<group>";
		};
		C7D2F81928BD64B600EEC146 /* Extensions */ = {
			isa = PBXGroup;
			children = (
				C7D2F84028C1532700EEC146 /* Foundation */,
				C7D2F83F28C1532200EEC146 /* UIKit */,
			);
			path = Extensions;
			sourceTree = "<group>";
		};
		C7D2F82328BE46A500EEC146 /* SeasonViewController */ = {
			isa = PBXGroup;
			children = (
				C7D2F82128BE465400EEC146 /* SeasonViewController.swift */,
				C7D2F82428BE46BA00EEC146 /* SeasonCell.swift */,
			);
			path = SeasonViewController;
			sourceTree = "<group>";
		};
		C7D2F82E28BFADA700EEC146 /* CollectionViewCell */ = {
			isa = PBXGroup;
			children = (
				C7D2F81F28BD856E00EEC146 /* TVShowEpisodeCell.swift */,
				C7D2F82A28BFAD5000EEC146 /* TVShowAboutCell.swift */,
				C7D2F80828BD60FC00EEC146 /* TVShowDetailCell.swift */,
				C7D2F81A28BD7B2900EEC146 /* TVShowDetailNavigationMenuCell.swift */,
				C70D4E3B28C405B900991B3C /* SeasonButtonCell.swift */,
			);
			path = CollectionViewCell;
			sourceTree = "<group>";
		};
		C7D2F83028BFAE5E00EEC146 /* Configurator */ = {
			isa = PBXGroup;
			children = (
				C7D2F80C28BD60FC00EEC146 /* TVShowDetailConfigurator.swift */,
			);
			path = Configurator;
			sourceTree = "<group>";
		};
		C7D2F83328BFF69E00EEC146 /* EpisodeDetail */ = {
			isa = PBXGroup;
			children = (
				C7D2F83428BFF6B100EEC146 /* TVShowEPisodeDetailViewController.swift */,
			);
			path = EpisodeDetail;
			sourceTree = "<group>";
		};
		C7D2F83628C13EC800EEC146 /* Search */ = {
			isa = PBXGroup;
			children = (
				C7D2F84928C159C400EEC146 /* ServiceAPI */,
				C7D2F84828C159BB00EEC146 /* Cofigurator */,
				C7D2F84528C1536E00EEC146 /* View */,
				C7D2F83C28C152FD00EEC146 /* Presenter */,
				C7D2F83928C152C600EEC146 /* Interactor */,
			);
			path = Search;
			sourceTree = "<group>";
		};
		C7D2F83928C152C600EEC146 /* Interactor */ = {
			isa = PBXGroup;
			children = (
				C7D2F83A28C152DB00EEC146 /* SearchTVShowInteractor.swift */,
			);
			path = Interactor;
			sourceTree = "<group>";
		};
		C7D2F83C28C152FD00EEC146 /* Presenter */ = {
			isa = PBXGroup;
			children = (
				C7D2F83D28C1530D00EEC146 /* SearchTVShowPresenter.swift */,
			);
			path = Presenter;
			sourceTree = "<group>";
		};
		C7D2F83F28C1532200EEC146 /* UIKit */ = {
			isa = PBXGroup;
			children = (
				C7D2F7FA28BBFDBF00EEC146 /* UIView+Helpers.swift */,
				C7D2F82628BE6B2D00EEC146 /* UIButton+Helpers.swift */,
				C7D2F84C28C15A6A00EEC146 /* UIViewController+Helpers.swift */,
			);
			path = UIKit;
			sourceTree = "<group>";
		};
		C7D2F84028C1532700EEC146 /* Foundation */ = {
			isa = PBXGroup;
			children = (
				C7D2F82828BF928D00EEC146 /* String+Helpers.swift */,
				C7D2F84128C1533400EEC146 /* Thread+Helpers.swift */,
			);
			path = Foundation;
			sourceTree = "<group>";
		};
		C7D2F84528C1536E00EEC146 /* View */ = {
			isa = PBXGroup;
			children = (
				C7D2F83728C13EE300EEC146 /* SearchShowViewController.swift */,
				C7D2F84628C1538200EEC146 /* SearchTVShowView.swift */,
				C70D4E3928C3F8FF00991B3C /* SearchFilterCell.swift */,
				C70D4E4528C4215800991B3C /* SearchPersonCell.swift */,
			);
			path = View;
			sourceTree = "<group>";
		};
		C7D2F84828C159BB00EEC146 /* Cofigurator */ = {
			isa = PBXGroup;
			children = (
				C7D2F84328C1535800EEC146 /* SearchTVShowConfigurator.swift */,
			);
			path = Cofigurator;
			sourceTree = "<group>";
		};
		C7D2F84928C159C400EEC146 /* ServiceAPI */ = {
			isa = PBXGroup;
			children = (
				C7D2F84A28C159E200EEC146 /* ServiceAPI+SearchTVShow.swift */,
				C70D4E3D28C41A5300991B3C /* SearchCodable.swift */,
				C70D4E4328C41B3E00991B3C /* Person.swift */,
			);
			path = ServiceAPI;
			sourceTree = "<group>";
		};
		C7D2F84E28C1663900EEC146 /* UserAuthentication */ = {
			isa = PBXGroup;
			children = (
				C70D4E1928C2667100991B3C /* Configurator */,
				C70D4E1728C2665300991B3C /* Interactor */,
				C70D4E1628C2664D00991B3C /* Presenter */,
				C7D2F84F28C1665700EEC146 /* View */,
			);
			path = UserAuthentication;
			sourceTree = "<group>";
		};
		C7D2F84F28C1665700EEC146 /* View */ = {
			isa = PBXGroup;
			children = (
				C7D2F85028C1666300EEC146 /* UserAuthenticationViewController.swift */,
				C70D4E2228C391BB00991B3C /* UserAuthenticationRegisterView.swift */,
				C70D4E2428C391EF00991B3C /* UserAuthenticationLoginView.swift */,
				C70D4E2628C3938C00991B3C /* UserAuthenticationView.swift */,
			);
			path = View;
			sourceTree = "<group>";
		};
/* End PBXGroup section */

/* Begin PBXNativeTarget section */
		C70D4E2F28C3DB2900991B3C /* JobCityFlixUITests */ = {
			isa = PBXNativeTarget;
			buildConfigurationList = C70D4E3628C3DB2900991B3C /* Build configuration list for PBXNativeTarget "JobCityFlixUITests" */;
			buildPhases = (
				C70D4E2C28C3DB2900991B3C /* Sources */,
				C70D4E2D28C3DB2900991B3C /* Frameworks */,
				C70D4E2E28C3DB2900991B3C /* Resources */,
			);
			buildRules = (
			);
			dependencies = (
				C70D4E3528C3DB2900991B3C /* PBXTargetDependency */,
			);
			name = JobCityFlixUITests;
			productName = JobCityFlixUITests;
			productReference = C70D4E3028C3DB2900991B3C /* JobCityFlixUITests.xctest */;
			productType = "com.apple.product-type.bundle.unit-test";
		};
		C74B383D28BAC068000E728D /* JobCityFlix */ = {
			isa = PBXNativeTarget;
			buildConfigurationList = C74B385228BAC069000E728D /* Build configuration list for PBXNativeTarget "JobCityFlix" */;
			buildPhases = (
				56E0B679B75B31FBBF032C3A /* [CP] Check Pods Manifest.lock */,
				C74B383A28BAC068000E728D /* Sources */,
				C74B383B28BAC068000E728D /* Frameworks */,
				C74B383C28BAC068000E728D /* Resources */,
				DFE11A7A3932FC3F74278EBE /* [CP] Embed Pods Frameworks */,
			);
			buildRules = (
			);
			dependencies = (
			);
			name = JobCityFlix;
			productName = JobCityFlix;
			productReference = C74B383E28BAC068000E728D /* JobCityFlix.app */;
			productType = "com.apple.product-type.application";
		};
		C7668E4E28C509960029FD9B /* JobCityFlixTests */ = {
			isa = PBXNativeTarget;
			buildConfigurationList = C7668E5528C509960029FD9B /* Build configuration list for PBXNativeTarget "JobCityFlixTests" */;
			buildPhases = (
				C7668E4B28C509960029FD9B /* Sources */,
				C7668E4C28C509960029FD9B /* Frameworks */,
				C7668E4D28C509960029FD9B /* Resources */,
			);
			buildRules = (
			);
			dependencies = (
				C7668E5428C509960029FD9B /* PBXTargetDependency */,
			);
			name = JobCityFlixTests;
			productName = JobCityFlixTests;
			productReference = C7668E4F28C509960029FD9B /* JobCityFlixTests.xctest */;
			productType = "com.apple.product-type.bundle.unit-test";
		};
/* End PBXNativeTarget section */

/* Begin PBXProject section */
		C74B383628BAC068000E728D /* Project object */ = {
			isa = PBXProject;
			attributes = {
				BuildIndependentTargetsInParallel = 1;
				LastSwiftUpdateCheck = 1330;
				LastUpgradeCheck = 1330;
				TargetAttributes = {
					C70D4E2F28C3DB2900991B3C = {
						CreatedOnToolsVersion = 13.3;
						TestTargetID = C74B383D28BAC068000E728D;
					};
					C74B383D28BAC068000E728D = {
						CreatedOnToolsVersion = 13.3;
					};
					C7668E4E28C509960029FD9B = {
						CreatedOnToolsVersion = 13.3;
						TestTargetID = C74B383D28BAC068000E728D;
					};
				};
			};
			buildConfigurationList = C74B383928BAC068000E728D /* Build configuration list for PBXProject "JobCityFlix" */;
			compatibilityVersion = "Xcode 13.0";
			developmentRegion = en;
			hasScannedForEncodings = 0;
			knownRegions = (
				en,
				Base,
			);
			mainGroup = C74B383528BAC068000E728D;
			productRefGroup = C74B383F28BAC068000E728D /* Products */;
			projectDirPath = "";
			projectRoot = "";
			targets = (
				C74B383D28BAC068000E728D /* JobCityFlix */,
				C70D4E2F28C3DB2900991B3C /* JobCityFlixUITests */,
				C7668E4E28C509960029FD9B /* JobCityFlixTests */,
			);
		};
/* End PBXProject section */

/* Begin PBXResourcesBuildPhase section */
		C70D4E2E28C3DB2900991B3C /* Resources */ = {
			isa = PBXResourcesBuildPhase;
			buildActionMask = 2147483647;
			files = (
			);
			runOnlyForDeploymentPostprocessing = 0;
		};
		C74B383C28BAC068000E728D /* Resources */ = {
			isa = PBXResourcesBuildPhase;
			buildActionMask = 2147483647;
			files = (
				C74B384E28BAC069000E728D /* LaunchScreen.storyboard in Resources */,
				C74B384B28BAC069000E728D /* Assets.xcassets in Resources */,
				C7668E6128C510B20029FD9B /* TVShowListJSON.json in Resources */,
			);
			runOnlyForDeploymentPostprocessing = 0;
		};
		C7668E4D28C509960029FD9B /* Resources */ = {
			isa = PBXResourcesBuildPhase;
			buildActionMask = 2147483647;
			files = (
				C7668E6028C50F850029FD9B /* TVShowListJSON.json in Resources */,
			);
			runOnlyForDeploymentPostprocessing = 0;
		};
/* End PBXResourcesBuildPhase section */

/* Begin PBXShellScriptBuildPhase section */
		56E0B679B75B31FBBF032C3A /* [CP] Check Pods Manifest.lock */ = {
			isa = PBXShellScriptBuildPhase;
			buildActionMask = 2147483647;
			files = (
			);
			inputFileListPaths = (
			);
			inputPaths = (
				"${PODS_PODFILE_DIR_PATH}/Podfile.lock",
				"${PODS_ROOT}/Manifest.lock",
			);
			name = "[CP] Check Pods Manifest.lock";
			outputFileListPaths = (
			);
			outputPaths = (
				"$(DERIVED_FILE_DIR)/Pods-JobCityFlix-checkManifestLockResult.txt",
			);
			runOnlyForDeploymentPostprocessing = 0;
			shellPath = /bin/sh;
			shellScript = "diff \"${PODS_PODFILE_DIR_PATH}/Podfile.lock\" \"${PODS_ROOT}/Manifest.lock\" > /dev/null\nif [ $? != 0 ] ; then\n    # print error to STDERR\n    echo \"error: The sandbox is not in sync with the Podfile.lock. Run 'pod install' or update your CocoaPods installation.\" >&2\n    exit 1\nfi\n# This output is used by Xcode 'outputs' to avoid re-running this script phase.\necho \"SUCCESS\" > \"${SCRIPT_OUTPUT_FILE_0}\"\n";
			showEnvVarsInLog = 0;
		};
		DFE11A7A3932FC3F74278EBE /* [CP] Embed Pods Frameworks */ = {
			isa = PBXShellScriptBuildPhase;
			buildActionMask = 2147483647;
			files = (
			);
			inputFileListPaths = (
				"${PODS_ROOT}/Target Support Files/Pods-JobCityFlix/Pods-JobCityFlix-frameworks-${CONFIGURATION}-input-files.xcfilelist",
			);
			name = "[CP] Embed Pods Frameworks";
			outputFileListPaths = (
				"${PODS_ROOT}/Target Support Files/Pods-JobCityFlix/Pods-JobCityFlix-frameworks-${CONFIGURATION}-output-files.xcfilelist",
			);
			runOnlyForDeploymentPostprocessing = 0;
			shellPath = /bin/sh;
			shellScript = "\"${PODS_ROOT}/Target Support Files/Pods-JobCityFlix/Pods-JobCityFlix-frameworks.sh\"\n";
			showEnvVarsInLog = 0;
		};
/* End PBXShellScriptBuildPhase section */

/* Begin PBXSourcesBuildPhase section */
		C70D4E2C28C3DB2900991B3C /* Sources */ = {
			isa = PBXSourcesBuildPhase;
			buildActionMask = 2147483647;
			files = (
			);
			runOnlyForDeploymentPostprocessing = 0;
		};
		C74B383A28BAC068000E728D /* Sources */ = {
			isa = PBXSourcesBuildPhase;
			buildActionMask = 2147483647;
			files = (
				C70D4E1B28C2667C00991B3C /* UserAutheticationConfigurator.swift in Sources */,
				C74B386328BBB72C000E728D /* ServiceAPI+TVShow.swift in Sources */,
				C74B384628BAC068000E728D /* TVShowListViewController.swift in Sources */,
				C74B384228BAC068000E728D /* AppDelegate.swift in Sources */,
				C7D2F80F28BD60FC00EEC146 /* TVShowDetailPresenter.swift in Sources */,
				C7D2F82728BE6B2D00EEC146 /* UIButton+Helpers.swift in Sources */,
				C70D4E6528C4C1E100991B3C /* CoredataModel.xcdatamodeld in Sources */,
				C7D2F84728C1538200EEC146 /* SearchTVShowView.swift in Sources */,
				C7D2F80028BC01D000EEC146 /* TabViewController.swift in Sources */,
				C74B385928BBACA7000E728D /* ServiceAPI.swift in Sources */,
				C70D4E1528C2319900991B3C /* TextFieldWithPadding.swift in Sources */,
				C70D4E2328C391BB00991B3C /* UserAuthenticationRegisterView.swift in Sources */,
				C74B386028BBB32E000E728D /* HTTPClient.swift in Sources */,
				C7D2F81228BD60FC00EEC146 /* TVShowDetailViewController.swift in Sources */,
				C7D2F82528BE46BA00EEC146 /* SeasonCell.swift in Sources */,
				C7668E4828C4D6640029FD9B /* MyFavoriteListPresenter.swift in Sources */,
				C7D2F84B28C159E200EEC146 /* ServiceAPI+SearchTVShow.swift in Sources */,
				C70D4E4028C41A7700991B3C /* TVShowCodable.swift in Sources */,
				C74B385E28BBAD13000E728D /* EndPoints.swift in Sources */,
				C74B386628BBB8A6000E728D /* SceneDelegate.swift in Sources */,
				C7668E4A28C4D6710029FD9B /* MyFavoriteListInteractor.swift in Sources */,
				C70D4E2728C3938C00991B3C /* UserAuthenticationView.swift in Sources */,
				C7668E4228C4D52D0029FD9B /* MyFavoriteListConfigurator.swift in Sources */,
				C70D4E5728C4994B00991B3C /* PersonDetailPresenter.swift in Sources */,
				C70D4E5928C4994B00991B3C /* PersonDetailView.swift in Sources */,
				C7D2F84228C1533400EEC146 /* Thread+Helpers.swift in Sources */,
				C74B386C28BBCB4E000E728D /* TVShowInteractor.swift in Sources */,
				C7D2F83228BFE2A400EEC146 /* TVShowLoadingCell.swift in Sources */,
				C70D4E4628C4215800991B3C /* SearchPersonCell.swift in Sources */,
				C7D2F7FD28BBFE6F00EEC146 /* TVShowMainHeader.swift in Sources */,
				C7D2F83828C13EE300EEC146 /* SearchShowViewController.swift in Sources */,
				C7D2F81328BD60FC00EEC146 /* TVShowDetailCell.swift in Sources */,
				C7D2F83E28C1530D00EEC146 /* SearchTVShowPresenter.swift in Sources */,
				C70D4E1F28C266B300991B3C /* LocalAuthentication.swift in Sources */,
				C70D4E6728C4C51100991B3C /* FavoriteEntity+CoreDataProperties.swift in Sources */,
				C70D4E6928C4C51400991B3C /* FavoriteEntity+CoreDataClass.swift in Sources */,
				C70D4E5D28C4994B00991B3C /* PersonInteractor.swift in Sources */,
				C70D4E4228C41AB000991B3C /* Episode.swift in Sources */,
				C7D2F83B28C152DB00EEC146 /* SearchTVShowInteractor.swift in Sources */,
				C7D2F81728BD60FC00EEC146 /* TVShowDetailInteractor.swift in Sources */,
				C7D2F81428BD60FC00EEC146 /* TVShowDetailView.swift in Sources */,
				C7D2F82B28BFAD5000EEC146 /* TVShowAboutCell.swift in Sources */,
				C7D2F84D28C15A6A00EEC146 /* UIViewController+Helpers.swift in Sources */,
				C7D2F83528BFF6B100EEC146 /* TVShowEPisodeDetailViewController.swift in Sources */,
				C7D2F82228BE465400EEC146 /* SeasonViewController.swift in Sources */,
				C7D2F84428C1535800EEC146 /* SearchTVShowConfigurator.swift in Sources */,
				C74B386E28BBCB5F000E728D /* TVShowPresenter.swift in Sources */,
				C7D2F7FB28BBFDBF00EEC146 /* UIView+Helpers.swift in Sources */,
				C7D2F85128C1666300EEC146 /* UserAuthenticationViewController.swift in Sources */,
				C70D4E1D28C2669000991B3C /* UserAuthenticationPresenter.swift in Sources */,
				C70D4E3C28C405B900991B3C /* SeasonButtonCell.swift in Sources */,
				C70D4E5F28C49EDA00991B3C /* PersonDetailCell.swift in Sources */,
				C7D2F82928BF928D00EEC146 /* String+Helpers.swift in Sources */,
				C70D4E4428C41B3E00991B3C /* Person.swift in Sources */,
				C70D4E6B28C4C54D00991B3C /* FavoriteManager.swift in Sources */,
				C7D2F81B28BD7B2900EEC146 /* TVShowDetailNavigationMenuCell.swift in Sources */,
				C74B387028BBCB6E000E728D /* TVShowConfigurator.swift in Sources */,
				C70D4E3A28C3F8FF00991B3C /* SearchFilterCell.swift in Sources */,
				C7D2F81528BD60FC00EEC146 /* ServiceAPI+TVShowDetail.swift in Sources */,
				C70D4E2528C391EF00991B3C /* UserAuthenticationLoginView.swift in Sources */,
				C70D4E6228C4C1AD00991B3C /* MyFavoriteListViewController.swift in Sources */,
				C70D4E2128C266D800991B3C /* UserAuthenticationInteractor.swift in Sources */,
				C70D4E5B28C4994B00991B3C /* ServiceAPI+Person.swift in Sources */,
				C70D4E5828C4994B00991B3C /* PersonDetailViewController.swift in Sources */,
				C7D2F7F928BBFD7E00EEC146 /* TVShowListCell.swift in Sources */,
				C7D2F81628BD60FC00EEC146 /* TVShowDetailConfigurator.swift in Sources */,
				C7D2F82028BD856E00EEC146 /* TVShowEpisodeCell.swift in Sources */,
				C70D4E5C28C4994B00991B3C /* PersonConfigurator.swift in Sources */,
				C70D4E3E28C41A5300991B3C /* SearchCodable.swift in Sources */,
				C7D2F7F728BBFD5000EEC146 /* TVShowListView.swift in Sources */,
			);
			runOnlyForDeploymentPostprocessing = 0;
		};
		C7668E4B28C509960029FD9B /* Sources */ = {
			isa = PBXSourcesBuildPhase;
			buildActionMask = 2147483647;
			files = (
				C7668E5D28C50A220029FD9B /* ServiceAPI.swift in Sources */,
				C7668E5228C509960029FD9B /* JobCityFlixTests.swift in Sources */,
				C7668E5F28C50E0D0029FD9B /* TVShowListJSON.json in Sources */,
			);
			runOnlyForDeploymentPostprocessing = 0;
		};
/* End PBXSourcesBuildPhase section */

/* Begin PBXTargetDependency section */
		C70D4E3528C3DB2900991B3C /* PBXTargetDependency */ = {
			isa = PBXTargetDependency;
			target = C74B383D28BAC068000E728D /* JobCityFlix */;
			targetProxy = C70D4E3428C3DB2900991B3C /* PBXContainerItemProxy */;
		};
		C7668E5428C509960029FD9B /* PBXTargetDependency */ = {
			isa = PBXTargetDependency;
			target = C74B383D28BAC068000E728D /* JobCityFlix */;
			targetProxy = C7668E5328C509960029FD9B /* PBXContainerItemProxy */;
		};
/* End PBXTargetDependency section */

/* Begin PBXVariantGroup section */
		C74B384C28BAC069000E728D /* LaunchScreen.storyboard */ = {
			isa = PBXVariantGroup;
			children = (
				C74B384D28BAC069000E728D /* Base */,
			);
			name = LaunchScreen.storyboard;
			sourceTree = "<group>";
		};
/* End PBXVariantGroup section */

/* Begin XCBuildConfiguration section */
		C70D4E3728C3DB2900991B3C /* Debug */ = {
			isa = XCBuildConfiguration;
			buildSettings = {
				BUNDLE_LOADER = "$(TEST_HOST)";
				CODE_SIGN_STYLE = Automatic;
				CURRENT_PROJECT_VERSION = 1;
				DEVELOPMENT_TEAM = UYXMKT4M49;
				GENERATE_INFOPLIST_FILE = YES;
				MARKETING_VERSION = 1.0;
				PRODUCT_BUNDLE_IDENTIFIER = projetoTeste.JobCityFlixUITests;
				PRODUCT_NAME = "$(TARGET_NAME)";
				SWIFT_EMIT_LOC_STRINGS = NO;
				SWIFT_VERSION = 5.0;
				TARGETED_DEVICE_FAMILY = "1,2";
				TEST_HOST = "$(BUILT_PRODUCTS_DIR)/JobCityFlix.app/JobCityFlix";
			};
			name = Debug;
		};
		C70D4E3828C3DB2900991B3C /* Release */ = {
			isa = XCBuildConfiguration;
			buildSettings = {
				BUNDLE_LOADER = "$(TEST_HOST)";
				CODE_SIGN_STYLE = Automatic;
				CURRENT_PROJECT_VERSION = 1;
				DEVELOPMENT_TEAM = UYXMKT4M49;
				GENERATE_INFOPLIST_FILE = YES;
				MARKETING_VERSION = 1.0;
				PRODUCT_BUNDLE_IDENTIFIER = projetoTeste.JobCityFlixUITests;
				PRODUCT_NAME = "$(TARGET_NAME)";
				SWIFT_EMIT_LOC_STRINGS = NO;
				SWIFT_VERSION = 5.0;
				TARGETED_DEVICE_FAMILY = "1,2";
				TEST_HOST = "$(BUILT_PRODUCTS_DIR)/JobCityFlix.app/JobCityFlix";
			};
			name = Release;
		};
		C74B385028BAC069000E728D /* Debug */ = {
			isa = XCBuildConfiguration;
			buildSettings = {
				ALWAYS_SEARCH_USER_PATHS = NO;
				CLANG_ANALYZER_NONNULL = YES;
				CLANG_ANALYZER_NUMBER_OBJECT_CONVERSION = YES_AGGRESSIVE;
				CLANG_CXX_LANGUAGE_STANDARD = "gnu++17";
				CLANG_ENABLE_MODULES = YES;
				CLANG_ENABLE_OBJC_ARC = YES;
				CLANG_ENABLE_OBJC_WEAK = YES;
				CLANG_WARN_BLOCK_CAPTURE_AUTORELEASING = YES;
				CLANG_WARN_BOOL_CONVERSION = YES;
				CLANG_WARN_COMMA = YES;
				CLANG_WARN_CONSTANT_CONVERSION = YES;
				CLANG_WARN_DEPRECATED_OBJC_IMPLEMENTATIONS = YES;
				CLANG_WARN_DIRECT_OBJC_ISA_USAGE = YES_ERROR;
				CLANG_WARN_DOCUMENTATION_COMMENTS = YES;
				CLANG_WARN_EMPTY_BODY = YES;
				CLANG_WARN_ENUM_CONVERSION = YES;
				CLANG_WARN_INFINITE_RECURSION = YES;
				CLANG_WARN_INT_CONVERSION = YES;
				CLANG_WARN_NON_LITERAL_NULL_CONVERSION = YES;
				CLANG_WARN_OBJC_IMPLICIT_RETAIN_SELF = YES;
				CLANG_WARN_OBJC_LITERAL_CONVERSION = YES;
				CLANG_WARN_OBJC_ROOT_CLASS = YES_ERROR;
				CLANG_WARN_QUOTED_INCLUDE_IN_FRAMEWORK_HEADER = YES;
				CLANG_WARN_RANGE_LOOP_ANALYSIS = YES;
				CLANG_WARN_STRICT_PROTOTYPES = YES;
				CLANG_WARN_SUSPICIOUS_MOVE = YES;
				CLANG_WARN_UNGUARDED_AVAILABILITY = YES_AGGRESSIVE;
				CLANG_WARN_UNREACHABLE_CODE = YES;
				CLANG_WARN__DUPLICATE_METHOD_MATCH = YES;
				COPY_PHASE_STRIP = NO;
				DEBUG_INFORMATION_FORMAT = dwarf;
				ENABLE_STRICT_OBJC_MSGSEND = YES;
				ENABLE_TESTABILITY = YES;
				GCC_C_LANGUAGE_STANDARD = gnu11;
				GCC_DYNAMIC_NO_PIC = NO;
				GCC_NO_COMMON_BLOCKS = YES;
				GCC_OPTIMIZATION_LEVEL = 0;
				GCC_PREPROCESSOR_DEFINITIONS = (
					"DEBUG=1",
					"$(inherited)",
				);
				GCC_WARN_64_TO_32_BIT_CONVERSION = YES;
				GCC_WARN_ABOUT_RETURN_TYPE = YES_ERROR;
				GCC_WARN_UNDECLARED_SELECTOR = YES;
				GCC_WARN_UNINITIALIZED_AUTOS = YES_AGGRESSIVE;
				GCC_WARN_UNUSED_FUNCTION = YES;
				GCC_WARN_UNUSED_VARIABLE = YES;
				IPHONEOS_DEPLOYMENT_TARGET = 15.4;
				MTL_ENABLE_DEBUG_INFO = INCLUDE_SOURCE;
				MTL_FAST_MATH = YES;
				ONLY_ACTIVE_ARCH = YES;
				SDKROOT = iphoneos;
				SWIFT_ACTIVE_COMPILATION_CONDITIONS = DEBUG;
				SWIFT_OPTIMIZATION_LEVEL = "-Onone";
			};
			name = Debug;
		};
		C74B385128BAC069000E728D /* Release */ = {
			isa = XCBuildConfiguration;
			buildSettings = {
				ALWAYS_SEARCH_USER_PATHS = NO;
				CLANG_ANALYZER_NONNULL = YES;
				CLANG_ANALYZER_NUMBER_OBJECT_CONVERSION = YES_AGGRESSIVE;
				CLANG_CXX_LANGUAGE_STANDARD = "gnu++17";
				CLANG_ENABLE_MODULES = YES;
				CLANG_ENABLE_OBJC_ARC = YES;
				CLANG_ENABLE_OBJC_WEAK = YES;
				CLANG_WARN_BLOCK_CAPTURE_AUTORELEASING = YES;
				CLANG_WARN_BOOL_CONVERSION = YES;
				CLANG_WARN_COMMA = YES;
				CLANG_WARN_CONSTANT_CONVERSION = YES;
				CLANG_WARN_DEPRECATED_OBJC_IMPLEMENTATIONS = YES;
				CLANG_WARN_DIRECT_OBJC_ISA_USAGE = YES_ERROR;
				CLANG_WARN_DOCUMENTATION_COMMENTS = YES;
				CLANG_WARN_EMPTY_BODY = YES;
				CLANG_WARN_ENUM_CONVERSION = YES;
				CLANG_WARN_INFINITE_RECURSION = YES;
				CLANG_WARN_INT_CONVERSION = YES;
				CLANG_WARN_NON_LITERAL_NULL_CONVERSION = YES;
				CLANG_WARN_OBJC_IMPLICIT_RETAIN_SELF = YES;
				CLANG_WARN_OBJC_LITERAL_CONVERSION = YES;
				CLANG_WARN_OBJC_ROOT_CLASS = YES_ERROR;
				CLANG_WARN_QUOTED_INCLUDE_IN_FRAMEWORK_HEADER = YES;
				CLANG_WARN_RANGE_LOOP_ANALYSIS = YES;
				CLANG_WARN_STRICT_PROTOTYPES = YES;
				CLANG_WARN_SUSPICIOUS_MOVE = YES;
				CLANG_WARN_UNGUARDED_AVAILABILITY = YES_AGGRESSIVE;
				CLANG_WARN_UNREACHABLE_CODE = YES;
				CLANG_WARN__DUPLICATE_METHOD_MATCH = YES;
				COPY_PHASE_STRIP = NO;
				DEBUG_INFORMATION_FORMAT = "dwarf-with-dsym";
				ENABLE_NS_ASSERTIONS = NO;
				ENABLE_STRICT_OBJC_MSGSEND = YES;
				GCC_C_LANGUAGE_STANDARD = gnu11;
				GCC_NO_COMMON_BLOCKS = YES;
				GCC_WARN_64_TO_32_BIT_CONVERSION = YES;
				GCC_WARN_ABOUT_RETURN_TYPE = YES_ERROR;
				GCC_WARN_UNDECLARED_SELECTOR = YES;
				GCC_WARN_UNINITIALIZED_AUTOS = YES_AGGRESSIVE;
				GCC_WARN_UNUSED_FUNCTION = YES;
				GCC_WARN_UNUSED_VARIABLE = YES;
				IPHONEOS_DEPLOYMENT_TARGET = 15.4;
				MTL_ENABLE_DEBUG_INFO = NO;
				MTL_FAST_MATH = YES;
				SDKROOT = iphoneos;
				SWIFT_COMPILATION_MODE = wholemodule;
				SWIFT_OPTIMIZATION_LEVEL = "-O";
				VALIDATE_PRODUCT = YES;
			};
			name = Release;
		};
		C74B385328BAC069000E728D /* Debug */ = {
			isa = XCBuildConfiguration;
			baseConfigurationReference = FAC9E4BE89C48DD2B326686E /* Pods-JobCityFlix.debug.xcconfig */;
			buildSettings = {
				ASSETCATALOG_COMPILER_APPICON_NAME = AppIcon;
				ASSETCATALOG_COMPILER_GLOBAL_ACCENT_COLOR_NAME = AccentColor;
				CODE_SIGN_STYLE = Automatic;
				CURRENT_PROJECT_VERSION = 1;
				DEVELOPMENT_TEAM = UYXMKT4M49;
				GENERATE_INFOPLIST_FILE = YES;
				INFOPLIST_FILE = JobCityFlix/Application/Info.plist;
				INFOPLIST_KEY_UIApplicationSupportsIndirectInputEvents = YES;
				INFOPLIST_KEY_UILaunchStoryboardName = LaunchScreen;
				INFOPLIST_KEY_UISupportedInterfaceOrientations_iPad = "UIInterfaceOrientationPortrait UIInterfaceOrientationPortraitUpsideDown UIInterfaceOrientationLandscapeLeft UIInterfaceOrientationLandscapeRight";
				INFOPLIST_KEY_UISupportedInterfaceOrientations_iPhone = "UIInterfaceOrientationPortrait UIInterfaceOrientationLandscapeLeft UIInterfaceOrientationLandscapeRight";
				LD_RUNPATH_SEARCH_PATHS = (
					"$(inherited)",
					"@executable_path/Frameworks",
				);
				MARKETING_VERSION = 1.0;
				PRODUCT_BUNDLE_IDENTIFIER = projetoTeste.JobCityFlix;
				PRODUCT_NAME = "$(TARGET_NAME)";
				SWIFT_EMIT_LOC_STRINGS = YES;
				SWIFT_VERSION = 5.0;
				TARGETED_DEVICE_FAMILY = 1;
			};
			name = Debug;
		};
		C74B385428BAC069000E728D /* Release */ = {
			isa = XCBuildConfiguration;
			baseConfigurationReference = 1776F33703C4A976428A0579 /* Pods-JobCityFlix.release.xcconfig */;
			buildSettings = {
				ASSETCATALOG_COMPILER_APPICON_NAME = AppIcon;
				ASSETCATALOG_COMPILER_GLOBAL_ACCENT_COLOR_NAME = AccentColor;
				CODE_SIGN_STYLE = Automatic;
				CURRENT_PROJECT_VERSION = 1;
				DEVELOPMENT_TEAM = UYXMKT4M49;
				GENERATE_INFOPLIST_FILE = YES;
				INFOPLIST_FILE = JobCityFlix/Application/Info.plist;
				INFOPLIST_KEY_UIApplicationSupportsIndirectInputEvents = YES;
				INFOPLIST_KEY_UILaunchStoryboardName = LaunchScreen;
				INFOPLIST_KEY_UISupportedInterfaceOrientations_iPad = "UIInterfaceOrientationPortrait UIInterfaceOrientationPortraitUpsideDown UIInterfaceOrientationLandscapeLeft UIInterfaceOrientationLandscapeRight";
				INFOPLIST_KEY_UISupportedInterfaceOrientations_iPhone = "UIInterfaceOrientationPortrait UIInterfaceOrientationLandscapeLeft UIInterfaceOrientationLandscapeRight";
				LD_RUNPATH_SEARCH_PATHS = (
					"$(inherited)",
					"@executable_path/Frameworks",
				);
				MARKETING_VERSION = 1.0;
				PRODUCT_BUNDLE_IDENTIFIER = projetoTeste.JobCityFlix;
				PRODUCT_NAME = "$(TARGET_NAME)";
				SWIFT_EMIT_LOC_STRINGS = YES;
				SWIFT_VERSION = 5.0;
				TARGETED_DEVICE_FAMILY = 1;
			};
			name = Release;
		};
		C7668E5628C509960029FD9B /* Debug */ = {
			isa = XCBuildConfiguration;
			buildSettings = {
				BUNDLE_LOADER = "$(TEST_HOST)";
				CODE_SIGN_STYLE = Automatic;
				CURRENT_PROJECT_VERSION = 1;
				DEVELOPMENT_TEAM = UYXMKT4M49;
				GENERATE_INFOPLIST_FILE = YES;
				MARKETING_VERSION = 1.0;
				PRODUCT_BUNDLE_IDENTIFIER = projetoTeste.JobCityFlixTests;
				PRODUCT_NAME = "$(TARGET_NAME)";
				SWIFT_EMIT_LOC_STRINGS = NO;
				SWIFT_VERSION = 5.0;
				TARGETED_DEVICE_FAMILY = "1,2";
				TEST_HOST = "$(BUILT_PRODUCTS_DIR)/JobCityFlix.app/JobCityFlix";
			};
			name = Debug;
		};
		C7668E5728C509960029FD9B /* Release */ = {
			isa = XCBuildConfiguration;
			buildSettings = {
				BUNDLE_LOADER = "$(TEST_HOST)";
				CODE_SIGN_STYLE = Automatic;
				CURRENT_PROJECT_VERSION = 1;
				DEVELOPMENT_TEAM = UYXMKT4M49;
				GENERATE_INFOPLIST_FILE = YES;
				MARKETING_VERSION = 1.0;
				PRODUCT_BUNDLE_IDENTIFIER = projetoTeste.JobCityFlixTests;
				PRODUCT_NAME = "$(TARGET_NAME)";
				SWIFT_EMIT_LOC_STRINGS = NO;
				SWIFT_VERSION = 5.0;
				TARGETED_DEVICE_FAMILY = "1,2";
				TEST_HOST = "$(BUILT_PRODUCTS_DIR)/JobCityFlix.app/JobCityFlix";
			};
			name = Release;
		};
/* End XCBuildConfiguration section */

/* Begin XCConfigurationList section */
		C70D4E3628C3DB2900991B3C /* Build configuration list for PBXNativeTarget "JobCityFlixUITests" */ = {
			isa = XCConfigurationList;
			buildConfigurations = (
				C70D4E3728C3DB2900991B3C /* Debug */,
				C70D4E3828C3DB2900991B3C /* Release */,
			);
			defaultConfigurationIsVisible = 0;
			defaultConfigurationName = Release;
		};
		C74B383928BAC068000E728D /* Build configuration list for PBXProject "JobCityFlix" */ = {
			isa = XCConfigurationList;
			buildConfigurations = (
				C74B385028BAC069000E728D /* Debug */,
				C74B385128BAC069000E728D /* Release */,
			);
			defaultConfigurationIsVisible = 0;
			defaultConfigurationName = Release;
		};
		C74B385228BAC069000E728D /* Build configuration list for PBXNativeTarget "JobCityFlix" */ = {
			isa = XCConfigurationList;
			buildConfigurations = (
				C74B385328BAC069000E728D /* Debug */,
				C74B385428BAC069000E728D /* Release */,
			);
			defaultConfigurationIsVisible = 0;
			defaultConfigurationName = Release;
		};
		C7668E5528C509960029FD9B /* Build configuration list for PBXNativeTarget "JobCityFlixTests" */ = {
			isa = XCConfigurationList;
			buildConfigurations = (
				C7668E5628C509960029FD9B /* Debug */,
				C7668E5728C509960029FD9B /* Release */,
			);
			defaultConfigurationIsVisible = 0;
			defaultConfigurationName = Release;
		};
/* End XCConfigurationList section */

/* Begin XCVersionGroup section */
		C70D4E6328C4C1E100991B3C /* CoredataModel.xcdatamodeld */ = {
			isa = XCVersionGroup;
			children = (
				C70D4E6428C4C1E100991B3C /* CoredataModel.xcdatamodel */,
			);
			currentVersion = C70D4E6428C4C1E100991B3C /* CoredataModel.xcdatamodel */;
			path = CoredataModel.xcdatamodeld;
			sourceTree = "<group>";
			versionGroupType = wrapper.xcdatamodel;
		};
/* End XCVersionGroup section */
	};
	rootObject = C74B383628BAC068000E728D /* Project object */;
}
